
Microsoft Visual Studio Solution File, Format Version 12.00
# Visual Studio Version 17
VisualStudioVersion = 17.0.31903.59
MinimumVisualStudioVersion = 10.0.40219.1
Project("{FAE04EC0-301F-11D3-BF4B-00C04F79EFBC}") = "Challenge1Csharpe", "Challenge1Csharpe\Challenge1Csharpe.csproj", "{67B38837-B0AC-43D1-BE5F-F1D418E92F7A}"
EndProject
Global
	GlobalSection(SolutionConfigurationPlatforms) = preSolution
		Debug|Any CPU = Debug|Any CPU
		Release|Any CPU = Release|Any CPU
	EndGlobalSection
	GlobalSection(ProjectConfigurationPlatforms) = postSolution
		{67B38837-B0AC-43D1-BE5F-F1D418E92F7A}.Debug|Any CPU.ActiveCfg = Debug|Any CPU
		{67B38837-B0AC-43D1-BE5F-F1D418E92F7A}.Debug|Any CPU.Build.0 = Debug|Any CPU
		{67B38837-B0AC-43D1-BE5F-F1D418E92F7A}.Release|Any CPU.ActiveCfg = Release|Any CPU
		{67B38837-B0AC-43D1-BE5F-F1D418E92F7A}.Release|Any CPU.Build.0 = Release|Any CPU
	EndGlobalSection
	GlobalSection(SolutionProperties) = preSolution
		HideSolutionNode = FALSE
	EndGlobalSection
	GlobalSection(ExtensibilityGlobals) = postSolution
		SolutionGuid = {2A144AA3-EBF9-4201-A607-9D9418814604}
	EndGlobalSection
EndGlobal
